
Microsoft Visual Studio Solution File, Format Version 12.00
# Visual Studio 15
VisualStudioVersion = 15.0.28307.421
MinimumVisualStudioVersion = 10.0.40219.1
Project("{FAE04EC0-301F-11D3-BF4B-00C04F79EFBC}") = "Shupersal_BKS_Test", "Shupersal_BKS_Test\Shupersal_BKS_Test.csproj", "{361EA161-6C81-453C-87FA-085A26D4CFB7}"
EndProject
Global
	GlobalSection(SolutionConfigurationPlatforms) = preSolution
		Debug|Any CPU = Debug|Any CPU
		Release|Any CPU = Release|Any CPU
	EndGlobalSection
	GlobalSection(ProjectConfigurationPlatforms) = postSolution
		{361EA161-6C81-453C-87FA-085A26D4CFB7}.Debug|Any CPU.ActiveCfg = Debug|Any CPU
		{361EA161-6C81-453C-87FA-085A26D4CFB7}.Debug|Any CPU.Build.0 = Debug|Any CPU
		{361EA161-6C81-453C-87FA-085A26D4CFB7}.Release|Any CPU.ActiveCfg = Release|Any CPU
		{361EA161-6C81-453C-87FA-085A26D4CFB7}.Release|Any CPU.Build.0 = Release|Any CPU
	EndGlobalSection
	GlobalSection(SolutionProperties) = preSolution
		HideSolutionNode = FALSE
	EndGlobalSection
	GlobalSection(ExtensibilityGlobals) = postSolution
		SolutionGuid = {7A24175C-AE17-4430-B410-DC08F88F559A}
	EndGlobalSection
EndGlobal
